
Microsoft Visual Studio Solution File, Format Version 12.00
# Visual Studio Version 16
VisualStudioVersion = 16.0.31729.503
MinimumVisualStudioVersion = 10.0.40219.1
Project("{FAE04EC0-301F-11D3-BF4B-00C04F79EFBC}") = "DatingApp", "DatingApp\DatingApp.csproj", "{DE9780B0-1BEC-47AA-8BF5-ABDE3759126A}"
EndProject
Global
	GlobalSection(SolutionConfigurationPlatforms) = preSolution
		Debug|Any CPU = Debug|Any CPU
		Release|Any CPU = Release|Any CPU
	EndGlobalSection
	GlobalSection(ProjectConfigurationPlatforms) = postSolution
		{DE9780B0-1BEC-47AA-8BF5-ABDE3759126A}.Debug|Any CPU.ActiveCfg = Debug|Any CPU
		{DE9780B0-1BEC-47AA-8BF5-ABDE3759126A}.Debug|Any CPU.Build.0 = Debug|Any CPU
		{DE9780B0-1BEC-47AA-8BF5-ABDE3759126A}.Release|Any CPU.ActiveCfg = Release|Any CPU
		{DE9780B0-1BEC-47AA-8BF5-ABDE3759126A}.Release|Any CPU.Build.0 = Release|Any CPU
	EndGlobalSection
	GlobalSection(SolutionProperties) = preSolution
		HideSolutionNode = FALSE
	EndGlobalSection
	GlobalSection(ExtensibilityGlobals) = postSolution
		SolutionGuid = {FA251DFF-6CDB-449D-8BA4-102CC838F7F6}
	EndGlobalSection
EndGlobal
